
Microsoft Visual Studio Solution File, Format Version 12.00
# Visual Studio 2013
VisualStudioVersion = 12.0.30324.0
MinimumVisualStudioVersion = 10.0.40219.1
Project("{FAE04EC0-301F-11D3-BF4B-00C04F79EFBC}") = "WebFormsScaffolding", "WebFormsScaffolding\WebFormsScaffolding.csproj", "{AABF312C-B24B-49CF-ACA9-4F5FCD16ED82}"
EndProject
Project("{FAE04EC0-301F-11D3-BF4B-00C04F79EFBC}") = "WebFormsScaffolding.vsix", "WebFormsScaffolding.vsix\WebFormsScaffolding.vsix.csproj", "{2E36C552-5DD3-4556-B882-956A3663ED2E}"
EndProject
Project("{2150E333-8FDC-42A3-9474-1A3956D46DE8}") = "ReadMe", "ReadMe", "{8A2A0736-503A-4F47-8499-0E85C26065F7}"
	ProjectSection(SolutionItems) = preProject
		README.md = README.md
		ReadMe.txt = ReadMe.txt
	EndProjectSection
EndProject
Project("{FAE04EC0-301F-11D3-BF4B-00C04F79EFBC}") = "Samples.CS", "Samples.CS\Samples.CS.csproj", "{3F5048B1-721E-4A3E-97B3-D5AD61565ED9}"
EndProject
Project("{F184B08F-C81C-45F6-A57F-5ABD9991F28F}") = "Samples.VB", "Samples.VB\Samples.VB.vbproj", "{CD8E53D2-B177-494B-AE08-1CEEF98E43D7}"
EndProject
Global
	GlobalSection(SolutionConfigurationPlatforms) = preSolution
		Debug|Any CPU = Debug|Any CPU
		Release|Any CPU = Release|Any CPU
	EndGlobalSection
	GlobalSection(ProjectConfigurationPlatforms) = postSolution
		{AABF312C-B24B-49CF-ACA9-4F5FCD16ED82}.Debug|Any CPU.ActiveCfg = Debug|Any CPU
		{AABF312C-B24B-49CF-ACA9-4F5FCD16ED82}.Debug|Any CPU.Build.0 = Debug|Any CPU
		{AABF312C-B24B-49CF-ACA9-4F5FCD16ED82}.Release|Any CPU.ActiveCfg = Release|Any CPU
		{AABF312C-B24B-49CF-ACA9-4F5FCD16ED82}.Release|Any CPU.Build.0 = Release|Any CPU
		{2E36C552-5DD3-4556-B882-956A3663ED2E}.Debug|Any CPU.ActiveCfg = Debug|Any CPU
		{2E36C552-5DD3-4556-B882-956A3663ED2E}.Debug|Any CPU.Build.0 = Debug|Any CPU
		{2E36C552-5DD3-4556-B882-956A3663ED2E}.Release|Any CPU.ActiveCfg = Release|Any CPU
		{2E36C552-5DD3-4556-B882-956A3663ED2E}.Release|Any CPU.Build.0 = Release|Any CPU
		{3F5048B1-721E-4A3E-97B3-D5AD61565ED9}.Debug|Any CPU.ActiveCfg = Debug|Any CPU
		{3F5048B1-721E-4A3E-97B3-D5AD61565ED9}.Debug|Any CPU.Build.0 = Debug|Any CPU
		{3F5048B1-721E-4A3E-97B3-D5AD61565ED9}.Release|Any CPU.ActiveCfg = Release|Any CPU
		{3F5048B1-721E-4A3E-97B3-D5AD61565ED9}.Release|Any CPU.Build.0 = Release|Any CPU
		{CD8E53D2-B177-494B-AE08-1CEEF98E43D7}.Debug|Any CPU.ActiveCfg = Debug|Any CPU
		{CD8E53D2-B177-494B-AE08-1CEEF98E43D7}.Debug|Any CPU.Build.0 = Debug|Any CPU
		{CD8E53D2-B177-494B-AE08-1CEEF98E43D7}.Release|Any CPU.ActiveCfg = Release|Any CPU
		{CD8E53D2-B177-494B-AE08-1CEEF98E43D7}.Release|Any CPU.Build.0 = Release|Any CPU
	EndGlobalSection
	GlobalSection(SolutionProperties) = preSolution
		HideSolutionNode = FALSE
	EndGlobalSection
EndGlobal
